
Microsoft Visual Studio Solution File, Format Version 12.00
# Visual Studio Version 17
VisualStudioVersion = 17.13.35919.96 d17.13
MinimumVisualStudioVersion = 10.0.40219.1
Project("{FAE04EC0-301F-11D3-BF4B-00C04F79EFBC}") = "Condicional", "Condicional\Condicional.csproj", "{62BD35BA-D8FD-43D0-980A-AC6B9B5637C9}"
EndProject
Global
	GlobalSection(SolutionConfigurationPlatforms) = preSolution
		Debug|Any CPU = Debug|Any CPU
		Release|Any CPU = Release|Any CPU
	EndGlobalSection
	GlobalSection(ProjectConfigurationPlatforms) = postSolution
		{62BD35BA-D8FD-43D0-980A-AC6B9B5637C9}.Debug|Any CPU.ActiveCfg = Debug|Any CPU
		{62BD35BA-D8FD-43D0-980A-AC6B9B5637C9}.Debug|Any CPU.Build.0 = Debug|Any CPU
		{62BD35BA-D8FD-43D0-980A-AC6B9B5637C9}.Release|Any CPU.ActiveCfg = Release|Any CPU
		{62BD35BA-D8FD-43D0-980A-AC6B9B5637C9}.Release|Any CPU.Build.0 = Release|Any CPU
	EndGlobalSection
	GlobalSection(SolutionProperties) = preSolution
		HideSolutionNode = FALSE
	EndGlobalSection
	GlobalSection(ExtensibilityGlobals) = postSolution
		SolutionGuid = {0DD1B1D7-449F-4E04-A954-9A2A60DD7976}
	EndGlobalSection
EndGlobal
